
Microsoft Visual Studio Solution File, Format Version 12.00
# Visual Studio Version 17
VisualStudioVersion = 17.4.33205.214
MinimumVisualStudioVersion = 10.0.40219.1
Project("{8BC9CEB8-8B4A-11D0-8D11-00A0C91BC942}") = "WinAPI_HSM_PrincessMaker2", "WinAPI_HSM_PrincessMaker2\WinAPI_HSM_PrincessMaker2.vcxproj", "{6CFCC03E-02F4-4F7B-A307-01181196AFFE}"
	ProjectSection(ProjectDependencies) = postProject
		{22C43F95-A1E1-49C3-B130-FCAE5F87FE60} = {22C43F95-A1E1-49C3-B130-FCAE5F87FE60}
		{A368CC07-5EDC-4741-B9F7-BF91B115E1BE} = {A368CC07-5EDC-4741-B9F7-BF91B115E1BE}
		{D16ED2C4-ABA4-4A9B-A378-0BBB6BB2BE1E} = {D16ED2C4-ABA4-4A9B-A378-0BBB6BB2BE1E}
		{FDDAD00E-A24C-4900-A74C-35642AFB63F0} = {FDDAD00E-A24C-4900-A74C-35642AFB63F0}
	EndProjectSection
EndProject
Project("{2150E333-8FDC-42A3-9474-1A3956D46DE8}") = "Level0", "Level0", "{54DBAF01-D8DB-4FF7-A499-6611ECE84E09}"
EndProject
Project("{2150E333-8FDC-42A3-9474-1A3956D46DE8}") = "Level1", "Level1", "{45EAA6EC-911B-4CA9-A33E-AF09CA26EF47}"
EndProject
Project("{2150E333-8FDC-42A3-9474-1A3956D46DE8}") = "Level2", "Level2", "{1B71B89B-115C-4A33-8CE5-1DEAD74EA921}"
EndProject
Project("{2150E333-8FDC-42A3-9474-1A3956D46DE8}") = "Level3", "Level3", "{0710FA2D-8044-4CC3-891B-2C43AE1F3197}"
EndProject
Project("{8BC9CEB8-8B4A-11D0-8D11-00A0C91BC942}") = "GameEngineBase", "GameEngineBase\GameEngineBase.vcxproj", "{A368CC07-5EDC-4741-B9F7-BF91B115E1BE}"
EndProject
Project("{2150E333-8FDC-42A3-9474-1A3956D46DE8}") = "Level4", "Level4", "{9AB1D81D-E45E-4DCD-BBB6-333B16267A70}"
EndProject
Project("{8BC9CEB8-8B4A-11D0-8D11-00A0C91BC942}") = "GameEnginePlatform", "GameEnginePlatform\GameEnginePlatform.vcxproj", "{FDDAD00E-A24C-4900-A74C-35642AFB63F0}"
	ProjectSection(ProjectDependencies) = postProject
		{A368CC07-5EDC-4741-B9F7-BF91B115E1BE} = {A368CC07-5EDC-4741-B9F7-BF91B115E1BE}
	EndProjectSection
EndProject
Project("{8BC9CEB8-8B4A-11D0-8D11-00A0C91BC942}") = "GameEngineCore", "GameEngineCore\GameEngineCore.vcxproj", "{D16ED2C4-ABA4-4A9B-A378-0BBB6BB2BE1E}"
	ProjectSection(ProjectDependencies) = postProject
		{A368CC07-5EDC-4741-B9F7-BF91B115E1BE} = {A368CC07-5EDC-4741-B9F7-BF91B115E1BE}
		{FDDAD00E-A24C-4900-A74C-35642AFB63F0} = {FDDAD00E-A24C-4900-A74C-35642AFB63F0}
	EndProjectSection
EndProject
Project("{8BC9CEB8-8B4A-11D0-8D11-00A0C91BC942}") = "GameEngineContents", "GameEngineContents\GameEngineContents.vcxproj", "{22C43F95-A1E1-49C3-B130-FCAE5F87FE60}"
	ProjectSection(ProjectDependencies) = postProject
		{A368CC07-5EDC-4741-B9F7-BF91B115E1BE} = {A368CC07-5EDC-4741-B9F7-BF91B115E1BE}
		{D16ED2C4-ABA4-4A9B-A378-0BBB6BB2BE1E} = {D16ED2C4-ABA4-4A9B-A378-0BBB6BB2BE1E}
		{FDDAD00E-A24C-4900-A74C-35642AFB63F0} = {FDDAD00E-A24C-4900-A74C-35642AFB63F0}
	EndProjectSection
EndProject
Project("{2150E333-8FDC-42A3-9474-1A3956D46DE8}") = "Doc", "Doc", "{4FC21640-16AD-4919-8BA8-E6EF903D8FE3}"
	ProjectSection(SolutionItems) = preProject
		Memo.txt = Memo.txt
	EndProjectSection
EndProject
Global
	GlobalSection(SolutionConfigurationPlatforms) = preSolution
		Debug|x64 = Debug|x64
		Debug|x86 = Debug|x86
		Release|x64 = Release|x64
		Release|x86 = Release|x86
	EndGlobalSection
	GlobalSection(ProjectConfigurationPlatforms) = postSolution
		{6CFCC03E-02F4-4F7B-A307-01181196AFFE}.Debug|x64.ActiveCfg = Debug|x64
		{6CFCC03E-02F4-4F7B-A307-01181196AFFE}.Debug|x64.Build.0 = Debug|x64
		{6CFCC03E-02F4-4F7B-A307-01181196AFFE}.Debug|x86.ActiveCfg = Debug|Win32
		{6CFCC03E-02F4-4F7B-A307-01181196AFFE}.Debug|x86.Build.0 = Debug|Win32
		{6CFCC03E-02F4-4F7B-A307-01181196AFFE}.Release|x64.ActiveCfg = Release|x64
		{6CFCC03E-02F4-4F7B-A307-01181196AFFE}.Release|x64.Build.0 = Release|x64
		{6CFCC03E-02F4-4F7B-A307-01181196AFFE}.Release|x86.ActiveCfg = Release|Win32
		{6CFCC03E-02F4-4F7B-A307-01181196AFFE}.Release|x86.Build.0 = Release|Win32
		{A368CC07-5EDC-4741-B9F7-BF91B115E1BE}.Debug|x64.ActiveCfg = Debug|x64
		{A368CC07-5EDC-4741-B9F7-BF91B115E1BE}.Debug|x64.Build.0 = Debug|x64
		{A368CC07-5EDC-4741-B9F7-BF91B115E1BE}.Debug|x86.ActiveCfg = Debug|Win32
		{A368CC07-5EDC-4741-B9F7-BF91B115E1BE}.Debug|x86.Build.0 = Debug|Win32
		{A368CC07-5EDC-4741-B9F7-BF91B115E1BE}.Release|x64.ActiveCfg = Release|x64
		{A368CC07-5EDC-4741-B9F7-BF91B115E1BE}.Release|x64.Build.0 = Release|x64
		{A368CC07-5EDC-4741-B9F7-BF91B115E1BE}.Release|x86.ActiveCfg = Release|Win32
		{A368CC07-5EDC-4741-B9F7-BF91B115E1BE}.Release|x86.Build.0 = Release|Win32
		{FDDAD00E-A24C-4900-A74C-35642AFB63F0}.Debug|x64.ActiveCfg = Debug|x64
		{FDDAD00E-A24C-4900-A74C-35642AFB63F0}.Debug|x64.Build.0 = Debug|x64
		{FDDAD00E-A24C-4900-A74C-35642AFB63F0}.Debug|x86.ActiveCfg = Debug|Win32
		{FDDAD00E-A24C-4900-A74C-35642AFB63F0}.Debug|x86.Build.0 = Debug|Win32
		{FDDAD00E-A24C-4900-A74C-35642AFB63F0}.Release|x64.ActiveCfg = Release|x64
		{FDDAD00E-A24C-4900-A74C-35642AFB63F0}.Release|x64.Build.0 = Release|x64
		{FDDAD00E-A24C-4900-A74C-35642AFB63F0}.Release|x86.ActiveCfg = Release|Win32
		{FDDAD00E-A24C-4900-A74C-35642AFB63F0}.Release|x86.Build.0 = Release|Win32
		{D16ED2C4-ABA4-4A9B-A378-0BBB6BB2BE1E}.Debug|x64.ActiveCfg = Debug|x64
		{D16ED2C4-ABA4-4A9B-A378-0BBB6BB2BE1E}.Debug|x64.Build.0 = Debug|x64
		{D16ED2C4-ABA4-4A9B-A378-0BBB6BB2BE1E}.Debug|x86.ActiveCfg = Debug|Win32
		{D16ED2C4-ABA4-4A9B-A378-0BBB6BB2BE1E}.Debug|x86.Build.0 = Debug|Win32
		{D16ED2C4-ABA4-4A9B-A378-0BBB6BB2BE1E}.Release|x64.ActiveCfg = Release|x64
		{D16ED2C4-ABA4-4A9B-A378-0BBB6BB2BE1E}.Release|x64.Build.0 = Release|x64
		{D16ED2C4-ABA4-4A9B-A378-0BBB6BB2BE1E}.Release|x86.ActiveCfg = Release|Win32
		{D16ED2C4-ABA4-4A9B-A378-0BBB6BB2BE1E}.Release|x86.Build.0 = Release|Win32
		{22C43F95-A1E1-49C3-B130-FCAE5F87FE60}.Debug|x64.ActiveCfg = Debug|x64
		{22C43F95-A1E1-49C3-B130-FCAE5F87FE60}.Debug|x64.Build.0 = Debug|x64
		{22C43F95-A1E1-49C3-B130-FCAE5F87FE60}.Debug|x86.ActiveCfg = Debug|Win32
		{22C43F95-A1E1-49C3-B130-FCAE5F87FE60}.Debug|x86.Build.0 = Debug|Win32
		{22C43F95-A1E1-49C3-B130-FCAE5F87FE60}.Release|x64.ActiveCfg = Release|x64
		{22C43F95-A1E1-49C3-B130-FCAE5F87FE60}.Release|x64.Build.0 = Release|x64
		{22C43F95-A1E1-49C3-B130-FCAE5F87FE60}.Release|x86.ActiveCfg = Release|Win32
		{22C43F95-A1E1-49C3-B130-FCAE5F87FE60}.Release|x86.Build.0 = Release|Win32
	EndGlobalSection
	GlobalSection(SolutionProperties) = preSolution
		HideSolutionNode = FALSE
	EndGlobalSection
	GlobalSection(NestedProjects) = preSolution
		{6CFCC03E-02F4-4F7B-A307-01181196AFFE} = {9AB1D81D-E45E-4DCD-BBB6-333B16267A70}
		{A368CC07-5EDC-4741-B9F7-BF91B115E1BE} = {54DBAF01-D8DB-4FF7-A499-6611ECE84E09}
		{FDDAD00E-A24C-4900-A74C-35642AFB63F0} = {45EAA6EC-911B-4CA9-A33E-AF09CA26EF47}
		{D16ED2C4-ABA4-4A9B-A378-0BBB6BB2BE1E} = {1B71B89B-115C-4A33-8CE5-1DEAD74EA921}
		{22C43F95-A1E1-49C3-B130-FCAE5F87FE60} = {0710FA2D-8044-4CC3-891B-2C43AE1F3197}
	EndGlobalSection
	GlobalSection(ExtensibilityGlobals) = postSolution
		SolutionGuid = {3DE6A85D-13F5-44F4-AA51-5BB2C701B3DA}
	EndGlobalSection
EndGlobal
