<?xml version="1.0" encoding="utf-8"?>
<Project ToolsVersion="4.0" xmlns="http://schemas.microsoft.com/developer/msbuild/2003">
  <ItemGroup>
    <ClInclude Include="GameEngineWindow.h" />
    <ClInclude Include="GameEngineInput.h">
      <Filter>Input</Filter>
    </ClInclude>
    <ClInclude Include="GameEngineImage.h">
      <Filter>Resources\Image</Filter>
    </ClInclude>
    <ClInclude Include="GameEngineSound.h">
      <Filter>Resources\Sound</Filter>
    </ClInclude>
    <ClInclude Include="ThirdParty\FMOD\inc\fmod.h">
      <Filter>ThirdParty\FMOD\Header</Filter>
    </ClInclude>
    <ClInclude Include="ThirdParty\FMOD\inc\fmod.hpp">
      <Filter>ThirdParty\FMOD\Header</Filter>
    </ClInclude>
    <ClInclude Include="ThirdParty\FMOD\inc\fmod_codec.h">
      <Filter>ThirdParty\FMOD\Header</Filter>
    </ClInclude>
    <ClInclude Include="ThirdParty\FMOD\inc\fmod_common.h">
      <Filter>ThirdParty\FMOD\Header</Filter>
    </ClInclude>
    <ClInclude Include="ThirdParty\FMOD\inc\fmod_dsp.h">
      <Filter>ThirdParty\FMOD\Header</Filter>
    </ClInclude>
    <ClInclude Include="ThirdParty\FMOD\inc\fmod_dsp_effects.h">
      <Filter>ThirdParty\FMOD\Header</Filter>
    </ClInclude>
    <ClInclude Include="ThirdParty\FMOD\inc\fmod_errors.h">
      <Filter>ThirdParty\FMOD\Header</Filter>
    </ClInclude>
    <ClInclude Include="ThirdParty\FMOD\inc\fmod_output.h">
      <Filter>ThirdParty\FMOD\Header</Filter>
    </ClInclude>
  </ItemGroup>
  <ItemGroup>
    <ClCompile Include="GameEngineWindow.cpp" />
    <ClCompile Include="GameEngineInput.cpp">
      <Filter>Input</Filter>
    </ClCompile>
    <ClCompile Include="GameEngineImage.cpp">
      <Filter>Resources\Image</Filter>
    </ClCompile>
    <ClCompile Include="GameEngineSound.cpp">
      <Filter>Resources\Sound</Filter>
    </ClCompile>
  </ItemGroup>
  <ItemGroup>
    <Filter Include="Resources">
      <UniqueIdentifier>{7403d286-a36c-4a99-9cc2-c937f273af9c}</UniqueIdentifier>
    </Filter>
    <Filter Include="Input">
      <UniqueIdentifier>{ec722731-cd2e-4ba1-b737-d503b6c4faa9}</UniqueIdentifier>
    </Filter>
    <Filter Include="Resources\Sound">
      <UniqueIdentifier>{1a83248d-7c13-4077-ab91-b4d4d04aacbf}</UniqueIdentifier>
    </Filter>
    <Filter Include="Resources\Image">
      <UniqueIdentifier>{edee6d93-8b07-4f9b-99c9-32d4e9692d37}</UniqueIdentifier>
    </Filter>
    <Filter Include="ThirdParty">
      <UniqueIdentifier>{78909461-8697-4fcd-9d24-44a06e5172cb}</UniqueIdentifier>
    </Filter>
    <Filter Include="ThirdParty\FMOD">
      <UniqueIdentifier>{2175b239-2822-435b-9a9e-efac3b7067dd}</UniqueIdentifier>
    </Filter>
    <Filter Include="ThirdParty\FMOD\Header">
      <UniqueIdentifier>{7d97bc2c-2bd2-4e52-a293-faa645724f6a}</UniqueIdentifier>
    </Filter>
    <Filter Include="ThirdParty\FMOD\bin">
      <UniqueIdentifier>{025f6aee-c724-42b6-972d-1f54de17e106}</UniqueIdentifier>
    </Filter>
  </ItemGroup>
  <ItemGroup>
    <None Include="ThirdParty\FMOD\inc\fmod.cs">
      <Filter>ThirdParty\FMOD\Header</Filter>
    </None>
    <None Include="ThirdParty\FMOD\inc\fmod_dsp.cs">
      <Filter>ThirdParty\FMOD\Header</Filter>
    </None>
    <None Include="ThirdParty\FMOD\inc\fmod_errors.cs">
      <Filter>ThirdParty\FMOD\Header</Filter>
    </None>
  </ItemGroup>
  <ItemGroup>
    <Library Include="ThirdParty\FMOD\lib\x64\fmod_vc.lib">
      <Filter>ThirdParty\FMOD\bin</Filter>
    </Library>
    <Library Include="ThirdParty\FMOD\lib\x64\fmodL_vc.lib">
      <Filter>ThirdParty\FMOD\bin</Filter>
    </Library>
  </ItemGroup>
  <ItemGroup>
    <CopyFileToFolders Include="ThirdParty\FMOD\lib\x64\fmod.dll">
      <Filter>ThirdParty\FMOD\bin</Filter>
    </CopyFileToFolders>
    <CopyFileToFolders Include="ThirdParty\FMOD\lib\x64\fmodL.dll">
      <Filter>ThirdParty\FMOD\bin</Filter>
    </CopyFileToFolders>
  </ItemGroup>
</Project>