<?xml version="1.0" encoding="utf-8"?>
<Project ToolsVersion="4.0" xmlns="http://schemas.microsoft.com/developer/msbuild/2003">
  <ItemGroup>
    <ClInclude Include="Player.h" />
    <ClInclude Include="PM2Core.h" />
    <ClInclude Include="FirstSetLevel.h">
      <Filter>ContentsLevel</Filter>
    </ClInclude>
    <ClInclude Include="TitleLevel.h">
      <Filter>ContentsLevel</Filter>
    </ClInclude>
    <ClInclude Include="OpeningLevel.h">
      <Filter>ContentsLevel</Filter>
    </ClInclude>
    <ClInclude Include="RaisingSimLevel.h">
      <Filter>ContentsLevel</Filter>
    </ClInclude>
    <ClInclude Include="RPGLevel.h">
      <Filter>ContentsLevel</Filter>
    </ClInclude>
    <ClInclude Include="EndingLevel.h">
      <Filter>ContentsLevel</Filter>
    </ClInclude>
  </ItemGroup>
  <ItemGroup>
    <ClCompile Include="Player.cpp" />
    <ClCompile Include="PM2Core.cpp" />
    <ClCompile Include="FirstSetLevel.cpp">
      <Filter>ContentsLevel</Filter>
    </ClCompile>
    <ClCompile Include="TitleLevel.cpp">
      <Filter>ContentsLevel</Filter>
    </ClCompile>
    <ClCompile Include="OpeningLevel.cpp">
      <Filter>ContentsLevel</Filter>
    </ClCompile>
    <ClCompile Include="RaisingSimLevel.cpp">
      <Filter>ContentsLevel</Filter>
    </ClCompile>
    <ClCompile Include="RPGLevel.cpp">
      <Filter>ContentsLevel</Filter>
    </ClCompile>
    <ClCompile Include="EndingLevel.cpp">
      <Filter>ContentsLevel</Filter>
    </ClCompile>
  </ItemGroup>
  <ItemGroup>
    <Filter Include="ContentsLevel">
      <UniqueIdentifier>{6ab125f6-0000-4f0c-8e56-1820bad3249b}</UniqueIdentifier>
    </Filter>
  </ItemGroup>
</Project>