<?xml version="1.0" encoding="utf-8"?>
<Project ToolsVersion="4.0" xmlns="http://schemas.microsoft.com/developer/msbuild/2003">
  <ItemGroup>
    <ClInclude Include="PM2Core.h" />
    <ClInclude Include="Animation.h">
      <Filter>ContentsLevel\4. RaisingSimLevel\RaisingSimActor</Filter>
    </ClInclude>
    <ClInclude Include="ContentsEnums.h" />
    <ClInclude Include="TitleLevel.h">
      <Filter>ContentsLevel\1. TitleLevel</Filter>
    </ClInclude>
    <ClInclude Include="RPGLevel.h">
      <Filter>ContentsLevel\5. RPGLevel</Filter>
    </ClInclude>
    <ClInclude Include="RaisingSimLevel.h">
      <Filter>ContentsLevel\4. RaisingSimLevel</Filter>
    </ClInclude>
    <ClInclude Include="OpeningLevel.h">
      <Filter>ContentsLevel\3. OpeningLevel</Filter>
    </ClInclude>
    <ClInclude Include="FirstSetLevel.h">
      <Filter>ContentsLevel\2. FirstSetLevel</Filter>
    </ClInclude>
    <ClInclude Include="EndingLevel.h">
      <Filter>ContentsLevel\6. EndingLevel</Filter>
    </ClInclude>
    <ClInclude Include="TitleBackground.h">
      <Filter>ContentsLevel\1. TitleLevel\TitleActor</Filter>
    </ClInclude>
    <ClInclude Include="SetPlayerName.h">
      <Filter>ContentsLevel\2. FirstSetLevel\FirstSetActor</Filter>
    </ClInclude>
    <ClInclude Include="SetOliveName.h">
      <Filter>ContentsLevel\2. FirstSetLevel\FirstSetActor</Filter>
    </ClInclude>
    <ClInclude Include="OliveCalendar.h">
      <Filter>ContentsLevel\2. FirstSetLevel\FirstSetActor</Filter>
    </ClInclude>
    <ClInclude Include="RPGOlive.h">
      <Filter>ContentsLevel\5. RPGLevel\RPGActor</Filter>
    </ClInclude>
    <ClInclude Include="PlayerCalendar.h">
      <Filter>ContentsLevel\2. FirstSetLevel\FirstSetActor</Filter>
    </ClInclude>
    <ClInclude Include="Date.h">
      <Filter>ContentsLevel\0. PM2Base</Filter>
    </ClInclude>
    <ClInclude Include="SetPlayerAge.h">
      <Filter>ContentsLevel\2. FirstSetLevel\FirstSetActor</Filter>
    </ClInclude>
    <ClInclude Include="SetOliveBloodType.h">
      <Filter>ContentsLevel\2. FirstSetLevel\FirstSetActor</Filter>
    </ClInclude>
    <ClInclude Include="Cutscene.h">
      <Filter>ContentsLevel\3. OpeningLevel\OpeningActor</Filter>
    </ClInclude>
    <ClInclude Include="OpeningCredit.h">
      <Filter>ContentsLevel\3. OpeningLevel\OpeningActor</Filter>
    </ClInclude>
    <ClInclude Include="Background.h">
      <Filter>ContentsLevel\4. RaisingSimLevel\RaisingSimActor\Background</Filter>
    </ClInclude>
    <ClInclude Include="Flower.h">
      <Filter>ContentsLevel\4. RaisingSimLevel\RaisingSimActor\Background</Filter>
    </ClInclude>
    <ClInclude Include="Paint.h">
      <Filter>ContentsLevel\4. RaisingSimLevel\RaisingSimActor\Background</Filter>
    </ClInclude>
    <ClInclude Include="MainMenu.h">
      <Filter>ContentsLevel\4. RaisingSimLevel\RaisingSimActor\MainMenu</Filter>
    </ClInclude>
    <ClInclude Include="TitleMenu.h">
      <Filter>ContentsLevel\1. TitleLevel\TitleActor</Filter>
    </ClInclude>
    <ClInclude Include="UpperDialog.h">
      <Filter>ContentsLevel\3. OpeningLevel\OpeningActor</Filter>
    </ClInclude>
    <ClInclude Include="DateViewer.h">
      <Filter>ContentsLevel\4. RaisingSimLevel\RaisingSimActor</Filter>
    </ClInclude>
    <ClInclude Include="BasicInfo.h">
      <Filter>ContentsLevel\4. RaisingSimLevel\RaisingSimActor</Filter>
    </ClInclude>
    <ClInclude Include="Calendar.h">
      <Filter>ContentsLevel\4. RaisingSimLevel\RaisingSimActor\Schedule</Filter>
    </ClInclude>
    <ClInclude Include="ConverstionSelectionMenu.h">
      <Filter>ContentsLevel\4. RaisingSimLevel\RaisingSimActor\MainMenu\InnerMenu</Filter>
    </ClInclude>
    <ClInclude Include="DietSelectionMenu.h">
      <Filter>ContentsLevel\4. RaisingSimLevel\RaisingSimActor\MainMenu\InnerMenu</Filter>
    </ClInclude>
    <ClInclude Include="BasicStatusWindow.h">
      <Filter>ContentsLevel\4. RaisingSimLevel\RaisingSimActor\MainMenu\InnerMenu\StatusMenuActor</Filter>
    </ClInclude>
    <ClInclude Include="FightStatusWindow.h">
      <Filter>ContentsLevel\4. RaisingSimLevel\RaisingSimActor\MainMenu\InnerMenu\StatusMenuActor</Filter>
    </ClInclude>
    <ClInclude Include="EstimateStatusWindow.h">
      <Filter>ContentsLevel\4. RaisingSimLevel\RaisingSimActor\MainMenu\InnerMenu\StatusMenuActor</Filter>
    </ClInclude>
    <ClInclude Include="FemininityStatusWindow.h">
      <Filter>ContentsLevel\4. RaisingSimLevel\RaisingSimActor\MainMenu\InnerMenu\StatusMenuActor</Filter>
    </ClInclude>
    <ClInclude Include="Olive.h">
      <Filter>ContentsLevel\0. PM2Base</Filter>
    </ClInclude>
    <ClInclude Include="Dialog.h">
      <Filter>ContentsLevel\0. PM2Base\UI</Filter>
    </ClInclude>
    <ClInclude Include="GaugeRenderObject.h">
      <Filter>ContentsLevel\0. PM2Base\UI</Filter>
    </ClInclude>
    <ClInclude Include="MenuFrame.h">
      <Filter>ContentsLevel\0. PM2Base\UI</Filter>
    </ClInclude>
    <ClInclude Include="MousePoint.h">
      <Filter>ContentsLevel\0. PM2Base\UI</Filter>
    </ClInclude>
    <ClInclude Include="SelectionMenu.h">
      <Filter>ContentsLevel\0. PM2Base\UI</Filter>
    </ClInclude>
    <ClInclude Include="StatusWindow.h">
      <Filter>ContentsLevel\0. PM2Base\UI</Filter>
    </ClInclude>
    <ClInclude Include="CharButton.h">
      <Filter>ContentsLevel\2. FirstSetLevel\FirstSetActor\ButtonUI</Filter>
    </ClInclude>
    <ClInclude Include="Button_Date.h">
      <Filter>ContentsLevel\2. FirstSetLevel\FirstSetActor\ButtonUI</Filter>
    </ClInclude>
    <ClInclude Include="Button_BloodType.h">
      <Filter>ContentsLevel\2. FirstSetLevel\FirstSetActor\ButtonUI</Filter>
    </ClInclude>
  </ItemGroup>
  <ItemGroup>
    <ClCompile Include="PM2Core.cpp" />
    <ClCompile Include="Animation.cpp">
      <Filter>ContentsLevel\4. RaisingSimLevel\RaisingSimActor</Filter>
    </ClCompile>
    <ClCompile Include="TitleLevel.cpp">
      <Filter>ContentsLevel\1. TitleLevel</Filter>
    </ClCompile>
    <ClCompile Include="RPGLevel.cpp">
      <Filter>ContentsLevel\5. RPGLevel</Filter>
    </ClCompile>
    <ClCompile Include="RaisingSimLevel.cpp">
      <Filter>ContentsLevel\4. RaisingSimLevel</Filter>
    </ClCompile>
    <ClCompile Include="OpeningLevel.cpp">
      <Filter>ContentsLevel\3. OpeningLevel</Filter>
    </ClCompile>
    <ClCompile Include="FirstSetLevel.cpp">
      <Filter>ContentsLevel\2. FirstSetLevel</Filter>
    </ClCompile>
    <ClCompile Include="EndingLevel.cpp">
      <Filter>ContentsLevel\6. EndingLevel</Filter>
    </ClCompile>
    <ClCompile Include="TitleBackground.cpp">
      <Filter>ContentsLevel\1. TitleLevel\TitleActor</Filter>
    </ClCompile>
    <ClCompile Include="SetPlayerName.cpp">
      <Filter>ContentsLevel\2. FirstSetLevel\FirstSetActor</Filter>
    </ClCompile>
    <ClCompile Include="SetOliveName.cpp">
      <Filter>ContentsLevel\2. FirstSetLevel\FirstSetActor</Filter>
    </ClCompile>
    <ClCompile Include="OliveCalendar.cpp">
      <Filter>ContentsLevel\2. FirstSetLevel\FirstSetActor</Filter>
    </ClCompile>
    <ClCompile Include="RPGOlive.cpp">
      <Filter>ContentsLevel\5. RPGLevel\RPGActor</Filter>
    </ClCompile>
    <ClCompile Include="PlayerCalendar.cpp">
      <Filter>ContentsLevel\2. FirstSetLevel\FirstSetActor</Filter>
    </ClCompile>
    <ClCompile Include="Date.cpp">
      <Filter>ContentsLevel\0. PM2Base</Filter>
    </ClCompile>
    <ClCompile Include="SetPlayerAge.cpp">
      <Filter>ContentsLevel\2. FirstSetLevel\FirstSetActor</Filter>
    </ClCompile>
    <ClCompile Include="SetOliveBloodType.cpp">
      <Filter>ContentsLevel\2. FirstSetLevel\FirstSetActor</Filter>
    </ClCompile>
    <ClCompile Include="Cutscene.cpp">
      <Filter>ContentsLevel\3. OpeningLevel\OpeningActor</Filter>
    </ClCompile>
    <ClCompile Include="OpeningCredit.cpp">
      <Filter>ContentsLevel\3. OpeningLevel\OpeningActor</Filter>
    </ClCompile>
    <ClCompile Include="Background.cpp">
      <Filter>ContentsLevel\4. RaisingSimLevel\RaisingSimActor\Background</Filter>
    </ClCompile>
    <ClCompile Include="Flower.cpp">
      <Filter>ContentsLevel\4. RaisingSimLevel\RaisingSimActor\Background</Filter>
    </ClCompile>
    <ClCompile Include="Paint.cpp">
      <Filter>ContentsLevel\4. RaisingSimLevel\RaisingSimActor\Background</Filter>
    </ClCompile>
    <ClCompile Include="MainMenu.cpp">
      <Filter>ContentsLevel\4. RaisingSimLevel\RaisingSimActor\MainMenu</Filter>
    </ClCompile>
    <ClCompile Include="TitleMenu.cpp">
      <Filter>ContentsLevel\1. TitleLevel\TitleActor</Filter>
    </ClCompile>
    <ClCompile Include="UpperDialog.cpp">
      <Filter>ContentsLevel\3. OpeningLevel\OpeningActor</Filter>
    </ClCompile>
    <ClCompile Include="DateViewer.cpp">
      <Filter>ContentsLevel\4. RaisingSimLevel\RaisingSimActor</Filter>
    </ClCompile>
    <ClCompile Include="BasicInfo.cpp">
      <Filter>ContentsLevel\4. RaisingSimLevel\RaisingSimActor</Filter>
    </ClCompile>
    <ClCompile Include="Calendar.cpp">
      <Filter>ContentsLevel\4. RaisingSimLevel\RaisingSimActor\Schedule</Filter>
    </ClCompile>
    <ClCompile Include="ConverstionSelectionMenu.cpp">
      <Filter>ContentsLevel\4. RaisingSimLevel\RaisingSimActor\MainMenu\InnerMenu</Filter>
    </ClCompile>
    <ClCompile Include="DietSelectionMenu.cpp">
      <Filter>ContentsLevel\4. RaisingSimLevel\RaisingSimActor\MainMenu\InnerMenu</Filter>
    </ClCompile>
    <ClCompile Include="BasicStatusWindow.cpp">
      <Filter>ContentsLevel\4. RaisingSimLevel\RaisingSimActor\MainMenu\InnerMenu\StatusMenuActor</Filter>
    </ClCompile>
    <ClCompile Include="FightStatusWindow.cpp">
      <Filter>ContentsLevel\4. RaisingSimLevel\RaisingSimActor\MainMenu\InnerMenu\StatusMenuActor</Filter>
    </ClCompile>
    <ClCompile Include="EstimateStatusWindow.cpp">
      <Filter>ContentsLevel\4. RaisingSimLevel\RaisingSimActor\MainMenu\InnerMenu\StatusMenuActor</Filter>
    </ClCompile>
    <ClCompile Include="FemininityStatusWindow.cpp">
      <Filter>ContentsLevel\4. RaisingSimLevel\RaisingSimActor\MainMenu\InnerMenu\StatusMenuActor</Filter>
    </ClCompile>
    <ClCompile Include="Olive.cpp">
      <Filter>ContentsLevel\0. PM2Base</Filter>
    </ClCompile>
    <ClCompile Include="Dialog.cpp">
      <Filter>ContentsLevel\0. PM2Base\UI</Filter>
    </ClCompile>
    <ClCompile Include="GaugeRenderObject.cpp">
      <Filter>ContentsLevel\0. PM2Base\UI</Filter>
    </ClCompile>
    <ClCompile Include="MenuFrame.cpp">
      <Filter>ContentsLevel\0. PM2Base\UI</Filter>
    </ClCompile>
    <ClCompile Include="MousePoint.cpp">
      <Filter>ContentsLevel\0. PM2Base\UI</Filter>
    </ClCompile>
    <ClCompile Include="SelectionMenu.cpp">
      <Filter>ContentsLevel\0. PM2Base\UI</Filter>
    </ClCompile>
    <ClCompile Include="StatusWindow.cpp">
      <Filter>ContentsLevel\0. PM2Base\UI</Filter>
    </ClCompile>
    <ClCompile Include="CharButton.cpp">
      <Filter>ContentsLevel\2. FirstSetLevel\FirstSetActor\ButtonUI</Filter>
    </ClCompile>
    <ClCompile Include="Button_Date.cpp">
      <Filter>ContentsLevel\2. FirstSetLevel\FirstSetActor\ButtonUI</Filter>
    </ClCompile>
    <ClCompile Include="Button_BloodType.cpp">
      <Filter>ContentsLevel\2. FirstSetLevel\FirstSetActor\ButtonUI</Filter>
    </ClCompile>
  </ItemGroup>
  <ItemGroup>
    <Filter Include="ContentsLevel">
      <UniqueIdentifier>{6ab125f6-0000-4f0c-8e56-1820bad3249b}</UniqueIdentifier>
    </Filter>
    <Filter Include="ContentsLevel\1. TitleLevel">
      <UniqueIdentifier>{bd64f859-9cb7-4be2-b175-56965601d1d2}</UniqueIdentifier>
    </Filter>
    <Filter Include="ContentsLevel\2. FirstSetLevel">
      <UniqueIdentifier>{8a36c3b6-c728-480b-b945-e0e3414fb1fe}</UniqueIdentifier>
    </Filter>
    <Filter Include="ContentsLevel\3. OpeningLevel">
      <UniqueIdentifier>{a7661aee-32f4-456f-827d-725088b4e37e}</UniqueIdentifier>
    </Filter>
    <Filter Include="ContentsLevel\4. RaisingSimLevel">
      <UniqueIdentifier>{38f65c83-0fed-40de-b96b-3f1dea59b017}</UniqueIdentifier>
    </Filter>
    <Filter Include="ContentsLevel\4. RaisingSimLevel\RaisingSimActor">
      <UniqueIdentifier>{018ab065-16bd-4dc6-867c-2c266be3dda9}</UniqueIdentifier>
    </Filter>
    <Filter Include="ContentsLevel\5. RPGLevel">
      <UniqueIdentifier>{a7c9c09a-5369-4166-8954-c65b59f59370}</UniqueIdentifier>
    </Filter>
    <Filter Include="ContentsLevel\6. EndingLevel">
      <UniqueIdentifier>{a8b975ff-76b0-4c06-bd53-4cb5c27c1f3c}</UniqueIdentifier>
    </Filter>
    <Filter Include="ContentsLevel\1. TitleLevel\TitleActor">
      <UniqueIdentifier>{93fa830d-b5e5-430a-a284-a4675f9511df}</UniqueIdentifier>
    </Filter>
    <Filter Include="ContentsLevel\2. FirstSetLevel\FirstSetActor">
      <UniqueIdentifier>{a1029247-d985-43da-ab3b-e8171e861771}</UniqueIdentifier>
    </Filter>
    <Filter Include="ContentsLevel\5. RPGLevel\RPGActor">
      <UniqueIdentifier>{d2501da1-b309-4879-9b45-a6078da5223a}</UniqueIdentifier>
    </Filter>
    <Filter Include="ContentsLevel\0. PM2Base">
      <UniqueIdentifier>{f5b06760-be4d-4cdf-915a-36df843904c2}</UniqueIdentifier>
    </Filter>
    <Filter Include="ContentsLevel\3. OpeningLevel\OpeningActor">
      <UniqueIdentifier>{b4e51cc0-6218-4453-b2f6-709ec5204ca0}</UniqueIdentifier>
    </Filter>
    <Filter Include="ContentsLevel\4. RaisingSimLevel\RaisingSimActor\Background">
      <UniqueIdentifier>{4bf2dc17-6c2a-4b69-999f-1bfafa7bdf6f}</UniqueIdentifier>
    </Filter>
    <Filter Include="ContentsLevel\4. RaisingSimLevel\RaisingSimActor\MainMenu">
      <UniqueIdentifier>{883bbca8-4cd7-4073-809f-cad424f45eed}</UniqueIdentifier>
    </Filter>
    <Filter Include="ContentsLevel\4. RaisingSimLevel\RaisingSimActor\MainMenu\InnerMenu">
      <UniqueIdentifier>{8906baf2-f931-4055-a674-718fd5a84503}</UniqueIdentifier>
    </Filter>
    <Filter Include="ContentsLevel\4. RaisingSimLevel\RaisingSimActor\Schedule">
      <UniqueIdentifier>{c760122e-3b06-4461-9a7c-33ca9aa6b726}</UniqueIdentifier>
    </Filter>
    <Filter Include="ContentsLevel\4. RaisingSimLevel\RaisingSimActor\MainMenu\InnerMenu\StatusMenuActor">
      <UniqueIdentifier>{c9881939-9412-485f-b69e-76467e46f6e5}</UniqueIdentifier>
    </Filter>
    <Filter Include="ContentsLevel\0. PM2Base\UI">
      <UniqueIdentifier>{aa8edf5c-631c-4ac4-b747-3856c12ae167}</UniqueIdentifier>
    </Filter>
    <Filter Include="ContentsLevel\2. FirstSetLevel\FirstSetActor\ButtonUI">
      <UniqueIdentifier>{c0bec0b2-d425-46f9-bec2-d61c1f882d07}</UniqueIdentifier>
    </Filter>
    <Filter Include="ContentsLevel\2. FirstSetLevel\FirstSetActor\STActor">
      <UniqueIdentifier>{a9686a52-8563-4e9c-aabb-6ce875b03358}</UniqueIdentifier>
    </Filter>
  </ItemGroup>
</Project>